
Microsoft Visual Studio Solution File, Format Version 12.00
# Visual Studio 14
VisualStudioVersion = 14.0.25420.1
MinimumVisualStudioVersion = 10.0.40219.1
Project("{FAE04EC0-301F-11D3-BF4B-00C04F79EFBC}") = "Lab.Domain", "Lab.Domain\Lab.Domain.csproj", "{D9219F5C-06EB-41B8-964F-387353362D29}"
EndProject
Project("{FAE04EC0-301F-11D3-BF4B-00C04F79EFBC}") = "Lab.Presentation.MVC", "Lab.Presentation.MVC\Lab.Presentation.MVC.csproj", "{689AD2AA-8D73-48DE-A0E2-77E75DE7FE4B}"
EndProject
Project("{FAE04EC0-301F-11D3-BF4B-00C04F79EFBC}") = "Lab.Application", "Lab.Application\Lab.Application.csproj", "{3267C211-17EE-4DB3-A882-CCFF775AE878}"
EndProject
Project("{2150E333-8FDC-42A3-9474-1A3956D46DE8}") = "Presentation", "Presentation", "{1247B0C7-A2D6-404A-8F88-588DD94B09B1}"
EndProject
Project("{2150E333-8FDC-42A3-9474-1A3956D46DE8}") = "Domain", "Domain", "{CE2BE299-148B-4B33-8137-FCA4CD981AD2}"
EndProject
Project("{2150E333-8FDC-42A3-9474-1A3956D46DE8}") = "Application", "Application", "{FADA22DC-962D-4CB4-B652-9CF40B7AA7E0}"
EndProject
Project("{2150E333-8FDC-42A3-9474-1A3956D46DE8}") = "Infra", "Infra", "{E00D0268-3DEC-4FE7-BF2D-50A9AB0ACAF9}"
EndProject
Project("{FAE04EC0-301F-11D3-BF4B-00C04F79EFBC}") = "Lab.Infra.Data.EF", "Lab.Infra.Data.EF\Lab.Infra.Data.EF.csproj", "{96C740E2-F3E0-48CE-8DC0-51799B9DB12E}"
EndProject
Project("{FAE04EC0-301F-11D3-BF4B-00C04F79EFBC}") = "Lab.Infra.Data.NH", "Lab.Infra.Data.NH\Lab.Infra.Data.NH.csproj", "{05BB7437-EDDF-44CA-AF38-BE84F9808084}"
EndProject
Project("{FAE04EC0-301F-11D3-BF4B-00C04F79EFBC}") = "Lab.Infra.CrossCutting.IoC", "Lab.Infra.CrossCutting.IoC\Lab.Infra.CrossCutting.IoC.csproj", "{D6981B93-F7D1-498B-832A-7B8ADB0D7391}"
EndProject
Project("{2150E333-8FDC-42A3-9474-1A3956D46DE8}") = "CrossCutting", "CrossCutting", "{213BB795-2E93-4AAB-BDD3-589D1849401B}"
EndProject
Project("{FAE04EC0-301F-11D3-BF4B-00C04F79EFBC}") = "Lab.Domain.Test", "Lab.Domain.Test\Lab.Domain.Test.csproj", "{03B73BF7-5C77-4241-B0F8-150A19758AB4}"
EndProject
Project("{8BB2217D-0F2D-49D1-97BC-3654ED321F3B}") = "Lab.Presentation.Web", "Lab.Presentation.Web\Lab.Presentation.Web.xproj", "{7D13CD05-74F6-4B08-8E0A-BB9CA0A05943}"
EndProject
Project("{FAE04EC0-301F-11D3-BF4B-00C04F79EFBC}") = "Lab.Resources", "Lab.Resources\Lab.Resources.csproj", "{EA2E7B4C-A080-4E91-A5DB-07780592B45E}"
EndProject
Project("{2150E333-8FDC-42A3-9474-1A3956D46DE8}") = "Solution Items", "Solution Items", "{35506222-86C6-4002-AA2D-1FEB7220F6BC}"
EndProject
Global
	GlobalSection(SolutionConfigurationPlatforms) = preSolution
		Debug|Any CPU = Debug|Any CPU
		Release|Any CPU = Release|Any CPU
	EndGlobalSection
	GlobalSection(ProjectConfigurationPlatforms) = postSolution
		{D9219F5C-06EB-41B8-964F-387353362D29}.Debug|Any CPU.ActiveCfg = Debug|Any CPU
		{D9219F5C-06EB-41B8-964F-387353362D29}.Debug|Any CPU.Build.0 = Debug|Any CPU
		{D9219F5C-06EB-41B8-964F-387353362D29}.Release|Any CPU.ActiveCfg = Release|Any CPU
		{D9219F5C-06EB-41B8-964F-387353362D29}.Release|Any CPU.Build.0 = Release|Any CPU
		{689AD2AA-8D73-48DE-A0E2-77E75DE7FE4B}.Debug|Any CPU.ActiveCfg = Debug|Any CPU
		{689AD2AA-8D73-48DE-A0E2-77E75DE7FE4B}.Debug|Any CPU.Build.0 = Debug|Any CPU
		{689AD2AA-8D73-48DE-A0E2-77E75DE7FE4B}.Release|Any CPU.ActiveCfg = Release|Any CPU
		{689AD2AA-8D73-48DE-A0E2-77E75DE7FE4B}.Release|Any CPU.Build.0 = Release|Any CPU
		{3267C211-17EE-4DB3-A882-CCFF775AE878}.Debug|Any CPU.ActiveCfg = Debug|Any CPU
		{3267C211-17EE-4DB3-A882-CCFF775AE878}.Debug|Any CPU.Build.0 = Debug|Any CPU
		{3267C211-17EE-4DB3-A882-CCFF775AE878}.Release|Any CPU.ActiveCfg = Release|Any CPU
		{3267C211-17EE-4DB3-A882-CCFF775AE878}.Release|Any CPU.Build.0 = Release|Any CPU
		{96C740E2-F3E0-48CE-8DC0-51799B9DB12E}.Debug|Any CPU.ActiveCfg = Debug|Any CPU
		{96C740E2-F3E0-48CE-8DC0-51799B9DB12E}.Debug|Any CPU.Build.0 = Debug|Any CPU
		{96C740E2-F3E0-48CE-8DC0-51799B9DB12E}.Release|Any CPU.ActiveCfg = Release|Any CPU
		{96C740E2-F3E0-48CE-8DC0-51799B9DB12E}.Release|Any CPU.Build.0 = Release|Any CPU
		{05BB7437-EDDF-44CA-AF38-BE84F9808084}.Debug|Any CPU.ActiveCfg = Debug|Any CPU
		{05BB7437-EDDF-44CA-AF38-BE84F9808084}.Debug|Any CPU.Build.0 = Debug|Any CPU
		{05BB7437-EDDF-44CA-AF38-BE84F9808084}.Release|Any CPU.ActiveCfg = Release|Any CPU
		{05BB7437-EDDF-44CA-AF38-BE84F9808084}.Release|Any CPU.Build.0 = Release|Any CPU
		{D6981B93-F7D1-498B-832A-7B8ADB0D7391}.Debug|Any CPU.ActiveCfg = Debug|Any CPU
		{D6981B93-F7D1-498B-832A-7B8ADB0D7391}.Debug|Any CPU.Build.0 = Debug|Any CPU
		{D6981B93-F7D1-498B-832A-7B8ADB0D7391}.Release|Any CPU.ActiveCfg = Release|Any CPU
		{D6981B93-F7D1-498B-832A-7B8ADB0D7391}.Release|Any CPU.Build.0 = Release|Any CPU
		{03B73BF7-5C77-4241-B0F8-150A19758AB4}.Debug|Any CPU.ActiveCfg = Debug|Any CPU
		{03B73BF7-5C77-4241-B0F8-150A19758AB4}.Debug|Any CPU.Build.0 = Debug|Any CPU
		{03B73BF7-5C77-4241-B0F8-150A19758AB4}.Release|Any CPU.ActiveCfg = Release|Any CPU
		{03B73BF7-5C77-4241-B0F8-150A19758AB4}.Release|Any CPU.Build.0 = Release|Any CPU
		{7D13CD05-74F6-4B08-8E0A-BB9CA0A05943}.Debug|Any CPU.ActiveCfg = Debug|Any CPU
		{7D13CD05-74F6-4B08-8E0A-BB9CA0A05943}.Debug|Any CPU.Build.0 = Debug|Any CPU
		{7D13CD05-74F6-4B08-8E0A-BB9CA0A05943}.Release|Any CPU.ActiveCfg = Release|Any CPU
		{7D13CD05-74F6-4B08-8E0A-BB9CA0A05943}.Release|Any CPU.Build.0 = Release|Any CPU
		{EA2E7B4C-A080-4E91-A5DB-07780592B45E}.Debug|Any CPU.ActiveCfg = Debug|Any CPU
		{EA2E7B4C-A080-4E91-A5DB-07780592B45E}.Debug|Any CPU.Build.0 = Debug|Any CPU
		{EA2E7B4C-A080-4E91-A5DB-07780592B45E}.Release|Any CPU.ActiveCfg = Release|Any CPU
		{EA2E7B4C-A080-4E91-A5DB-07780592B45E}.Release|Any CPU.Build.0 = Release|Any CPU
	EndGlobalSection
	GlobalSection(SolutionProperties) = preSolution
		HideSolutionNode = FALSE
	EndGlobalSection
	GlobalSection(NestedProjects) = preSolution
		{D9219F5C-06EB-41B8-964F-387353362D29} = {CE2BE299-148B-4B33-8137-FCA4CD981AD2}
		{689AD2AA-8D73-48DE-A0E2-77E75DE7FE4B} = {1247B0C7-A2D6-404A-8F88-588DD94B09B1}
		{3267C211-17EE-4DB3-A882-CCFF775AE878} = {FADA22DC-962D-4CB4-B652-9CF40B7AA7E0}
		{96C740E2-F3E0-48CE-8DC0-51799B9DB12E} = {E00D0268-3DEC-4FE7-BF2D-50A9AB0ACAF9}
		{05BB7437-EDDF-44CA-AF38-BE84F9808084} = {E00D0268-3DEC-4FE7-BF2D-50A9AB0ACAF9}
		{D6981B93-F7D1-498B-832A-7B8ADB0D7391} = {213BB795-2E93-4AAB-BDD3-589D1849401B}
		{213BB795-2E93-4AAB-BDD3-589D1849401B} = {E00D0268-3DEC-4FE7-BF2D-50A9AB0ACAF9}
		{03B73BF7-5C77-4241-B0F8-150A19758AB4} = {CE2BE299-148B-4B33-8137-FCA4CD981AD2}
		{7D13CD05-74F6-4B08-8E0A-BB9CA0A05943} = {1247B0C7-A2D6-404A-8F88-588DD94B09B1}
		{EA2E7B4C-A080-4E91-A5DB-07780592B45E} = {CE2BE299-148B-4B33-8137-FCA4CD981AD2}
	EndGlobalSection
	GlobalSection(ExtensibilityGlobals) = postSolution
		RESX_NeutralResourcesLanguage = pt-BR
	EndGlobalSection
EndGlobal
